{
  "requires": true,
  "lockfileVersion": 1,
  "dependencies": {
    "@mapbox/point-geometry": {
      "version": "0.1.0",
      "resolved": "https://registry.npmjs.org/@mapbox/point-geometry/-/point-geometry-0.1.0.tgz",
      "integrity": "sha1-ioP5M1x4YO/6Lu7KJUMyqgru2PI="
    },
    "eventemitter3": {
      "version": "1.2.0",
      "resolved": "https://registry.npmjs.org/eventemitter3/-/eventemitter3-1.2.0.tgz",
      "integrity": "sha1-HIaZHYFq0eUEdQ5zh0Ik7PO+xQg="
    },
    "google-map-react": {
      "version": "1.0.9",
      "resolved": "https://registry.npmjs.org/google-map-react/-/google-map-react-1.0.9.tgz",
      "integrity": "sha512-YgJo9zmmIOFYD7qebi6kGrLxgYKRBw5vJ2w56FMyfeJdOUn8nAVsRyT3Y77LUYU5HO0ykob+br4hhBuQgsg1Ow==",
      "requires": {
        "@mapbox/point-geometry": "^0.1.0",
        "eventemitter3": "^1.1.0",
        "scriptjs": "^2.5.7"
      }
    },
    "google-maps": {
      "version": "3.3.0",
      "resolved": "https://registry.npmjs.org/google-maps/-/google-maps-3.3.0.tgz",
      "integrity": "sha512-pj4En0cWKG+lcBvC7qrzu5ItiMsYNTgjG2capsPzAbAM/O8ftugGpUUftTTwdGL8KlNvB4CEZ6IBWwpWYzUEpw=="
    },
    "scriptjs": {
      "version": "2.5.9",
      "resolved": "https://registry.npmjs.org/scriptjs/-/scriptjs-2.5.9.tgz",
      "integrity": "sha512-qGVDoreyYiP1pkQnbnFAUIS5AjenNwwQBdl7zeos9etl+hYKWahjRTfzAZZYBv5xNHx7vNKCmaLDQZ6Fr2AEXg=="
    }
  }
}
